// !$*UTF8*$!
{
	archiveVersion = 1;
	classes = {
	};
	objectVersion = 56;
	objects = {

/* Begin PBXBuildFile section */
		8625C7652B8C85ED005098F5 /* AppDelegate.swift in Sources */ = {isa = PBXBuildFile; fileRef = 8625C7642B8C85ED005098F5 /* AppDelegate.swift */; };
		8625C7672B8C85ED005098F5 /* SceneDelegate.swift in Sources */ = {isa = PBXBuildFile; fileRef = 8625C7662B8C85ED005098F5 /* SceneDelegate.swift */; };
		8625C7692B8C85ED005098F5 /* ViewController.swift in Sources */ = {isa = PBXBuildFile; fileRef = 8625C7682B8C85ED005098F5 /* ViewController.swift */; };
		8625C76C2B8C85ED005098F5 /* Main.storyboard in Resources */ = {isa = PBXBuildFile; fileRef = 8625C76A2B8C85ED005098F5 /* Main.storyboard */; };
		8625C76E2B8C85EF005098F5 /* Assets.xcassets in Resources */ = {isa = PBXBuildFile; fileRef = 8625C76D2B8C85EF005098F5 /* Assets.xcassets */; };
		8625C7712B8C85EF005098F5 /* LaunchScreen.storyboard in Resources */ = {isa = PBXBuildFile; fileRef = 8625C76F2B8C85EF005098F5 /* LaunchScreen.storyboard */; };
		8625C7952B8C8708005098F5 /* SignupFormModelValidatorTests.swift in Sources */ = {isa = PBXBuildFile; fileRef = 8625C7942B8C8708005098F5 /* SignupFormModelValidatorTests.swift */; };
		8625C7972B8C872D005098F5 /* SignupFormModelValidator.swift in Sources */ = {isa = PBXBuildFile; fileRef = 8625C7962B8C872D005098F5 /* SignupFormModelValidator.swift */; };
		8625C7992B8C874C005098F5 /* SignupConstants.swift in Sources */ = {isa = PBXBuildFile; fileRef = 8625C7982B8C874C005098F5 /* SignupConstants.swift */; };
		8625C79B2B8C95D7005098F5 /* SignupWebServiceTests.swift in Sources */ = {isa = PBXBuildFile; fileRef = 8625C79A2B8C95D7005098F5 /* SignupWebServiceTests.swift */; };
		8625C79D2B8C9773005098F5 /* SignupWebService.swift in Sources */ = {isa = PBXBuildFile; fileRef = 8625C79C2B8C9773005098F5 /* SignupWebService.swift */; };
		8625C79F2B8C988A005098F5 /* SignupFormRequestModel.swift in Sources */ = {isa = PBXBuildFile; fileRef = 8625C79E2B8C988A005098F5 /* SignupFormRequestModel.swift */; };
		8625C7A12B8C9B99005098F5 /* SignupResponseModel.swift in Sources */ = {isa = PBXBuildFile; fileRef = 8625C7A02B8C9B99005098F5 /* SignupResponseModel.swift */; };
		8625C7A32B8C9BB1005098F5 /* SignupError.swift in Sources */ = {isa = PBXBuildFile; fileRef = 8625C7A22B8C9BB1005098F5 /* SignupError.swift */; };
		8625C7AB2B8CBC2F005098F5 /* MockURLProtocol.swift in Sources */ = {isa = PBXBuildFile; fileRef = 8625C7AA2B8CBC2F005098F5 /* MockURLProtocol.swift */; };
/* End PBXBuildFile section */

/* Begin PBXContainerItemProxy section */
		8625C7782B8C85F0005098F5 /* PBXContainerItemProxy */ = {
			isa = PBXContainerItemProxy;
			containerPortal = 8625C7592B8C85ED005098F5 /* Project object */;
			proxyType = 1;
			remoteGlobalIDString = 8625C7602B8C85ED005098F5;
			remoteInfo = UnitTestingApp;
		};
/* End PBXContainerItemProxy section */

/* Begin PBXFileReference section */
		8625C7612B8C85ED005098F5 /* UnitTestingApp.app */ = {isa = PBXFileReference; explicitFileType = wrapper.application; includeInIndex = 0; path = UnitTestingApp.app; sourceTree = BUILT_PRODUCTS_DIR; };
		8625C7642B8C85ED005098F5 /* AppDelegate.swift */ = {isa = PBXFileReference; lastKnownFileType = sourcecode.swift; path = AppDelegate.swift; sourceTree = "<group>"; };
		8625C7662B8C85ED005098F5 /* SceneDelegate.swift */ = {isa = PBXFileReference; lastKnownFileType = sourcecode.swift; path = SceneDelegate.swift; sourceTree = "<group>"; };
		8625C7682B8C85ED005098F5 /* ViewController.swift */ = {isa = PBXFileReference; lastKnownFileType = sourcecode.swift; path = ViewController.swift; sourceTree = "<group>"; };
		8625C76B2B8C85ED005098F5 /* Base */ = {isa = PBXFileReference; lastKnownFileType = file.storyboard; name = Base; path = Base.lproj/Main.storyboard; sourceTree = "<group>"; };
		8625C76D2B8C85EF005098F5 /* Assets.xcassets */ = {isa = PBXFileReference; lastKnownFileType = folder.assetcatalog; path = Assets.xcassets; sourceTree = "<group>"; };
		8625C7702B8C85EF005098F5 /* Base */ = {isa = PBXFileReference; lastKnownFileType = file.storyboard; name = Base; path = Base.lproj/LaunchScreen.storyboard; sourceTree = "<group>"; };
		8625C7722B8C85EF005098F5 /* Info.plist */ = {isa = PBXFileReference; lastKnownFileType = text.plist.xml; path = Info.plist; sourceTree = "<group>"; };
		8625C7772B8C85F0005098F5 /* UnitTestingAppTests.xctest */ = {isa = PBXFileReference; explicitFileType = wrapper.cfbundle; includeInIndex = 0; path = UnitTestingAppTests.xctest; sourceTree = BUILT_PRODUCTS_DIR; };
		8625C7942B8C8708005098F5 /* SignupFormModelValidatorTests.swift */ = {isa = PBXFileReference; lastKnownFileType = sourcecode.swift; path = SignupFormModelValidatorTests.swift; sourceTree = "<group>"; };
		8625C7962B8C872D005098F5 /* SignupFormModelValidator.swift */ = {isa = PBXFileReference; lastKnownFileType = sourcecode.swift; path = SignupFormModelValidator.swift; sourceTree = "<group>"; };
		8625C7982B8C874C005098F5 /* SignupConstants.swift */ = {isa = PBXFileReference; lastKnownFileType = sourcecode.swift; path = SignupConstants.swift; sourceTree = "<group>"; };
		8625C79A2B8C95D7005098F5 /* SignupWebServiceTests.swift */ = {isa = PBXFileReference; lastKnownFileType = sourcecode.swift; path = SignupWebServiceTests.swift; sourceTree = "<group>"; };
		8625C79C2B8C9773005098F5 /* SignupWebService.swift */ = {isa = PBXFileReference; lastKnownFileType = sourcecode.swift; path = SignupWebService.swift; sourceTree = "<group>"; };
		8625C79E2B8C988A005098F5 /* SignupFormRequestModel.swift */ = {isa = PBXFileReference; lastKnownFileType = sourcecode.swift; path = SignupFormRequestModel.swift; sourceTree = "<group>"; };
		8625C7A02B8C9B99005098F5 /* SignupResponseModel.swift */ = {isa = PBXFileReference; lastKnownFileType = sourcecode.swift; path = SignupResponseModel.swift; sourceTree = "<group>"; };
		8625C7A22B8C9BB1005098F5 /* SignupError.swift */ = {isa = PBXFileReference; lastKnownFileType = sourcecode.swift; path = SignupError.swift; sourceTree = "<group>"; };
		8625C7AA2B8CBC2F005098F5 /* MockURLProtocol.swift */ = {isa = PBXFileReference; lastKnownFileType = sourcecode.swift; path = MockURLProtocol.swift; sourceTree = "<group>"; };
/* End PBXFileReference section */

/* Begin PBXFrameworksBuildPhase section */
		8625C75E2B8C85ED005098F5 /* Frameworks */ = {
			isa = PBXFrameworksBuildPhase;
			buildActionMask = 2147483647;
			files = (
			);
			runOnlyForDeploymentPostprocessing = 0;
		};
		8625C7742B8C85F0005098F5 /* Frameworks */ = {
			isa = PBXFrameworksBuildPhase;
			buildActionMask = 2147483647;
			files = (
			);
			runOnlyForDeploymentPostprocessing = 0;
		};
/* End PBXFrameworksBuildPhase section */

/* Begin PBXGroup section */
		8625C7582B8C85ED005098F5 = {
			isa = PBXGroup;
			children = (
				8625C7632B8C85ED005098F5 /* UnitTestingApp */,
				8625C77A2B8C85F0005098F5 /* UnitTestingAppTests */,
				8625C7622B8C85ED005098F5 /* Products */,
			);
			sourceTree = "<group>";
		};
		8625C7622B8C85ED005098F5 /* Products */ = {
			isa = PBXGroup;
			children = (
				8625C7612B8C85ED005098F5 /* UnitTestingApp.app */,
				8625C7772B8C85F0005098F5 /* UnitTestingAppTests.xctest */,
			);
			name = Products;
			sourceTree = "<group>";
		};
		8625C7632B8C85ED005098F5 /* UnitTestingApp */ = {
			isa = PBXGroup;
			children = (
				8625C7A42B8C9EFA005098F5 /* Signup */,
				8625C7642B8C85ED005098F5 /* AppDelegate.swift */,
				8625C7662B8C85ED005098F5 /* SceneDelegate.swift */,
				8625C7682B8C85ED005098F5 /* ViewController.swift */,
				8625C76A2B8C85ED005098F5 /* Main.storyboard */,
				8625C76D2B8C85EF005098F5 /* Assets.xcassets */,
				8625C76F2B8C85EF005098F5 /* LaunchScreen.storyboard */,
				8625C7722B8C85EF005098F5 /* Info.plist */,
			);
			path = UnitTestingApp;
			sourceTree = "<group>";
		};
		8625C77A2B8C85F0005098F5 /* UnitTestingAppTests */ = {
			isa = PBXGroup;
			children = (
				8625C7A72B8C9FE4005098F5 /* Signup */,
			);
			path = UnitTestingAppTests;
			sourceTree = "<group>";
		};
		8625C7A42B8C9EFA005098F5 /* Signup */ = {
			isa = PBXGroup;
			children = (
				8625C7A62B8C9FAF005098F5 /* Network */,
				8625C7A52B8C9F15005098F5 /* Models */,
			);
			path = Signup;
			sourceTree = "<group>";
		};
		8625C7A52B8C9F15005098F5 /* Models */ = {
			isa = PBXGroup;
			children = (
				8625C7982B8C874C005098F5 /* SignupConstants.swift */,
				8625C7962B8C872D005098F5 /* SignupFormModelValidator.swift */,
				8625C79E2B8C988A005098F5 /* SignupFormRequestModel.swift */,
				8625C7A02B8C9B99005098F5 /* SignupResponseModel.swift */,
				8625C7A22B8C9BB1005098F5 /* SignupError.swift */,
			);
			path = Models;
			sourceTree = "<group>";
		};
		8625C7A62B8C9FAF005098F5 /* Network */ = {
			isa = PBXGroup;
			children = (
				8625C79C2B8C9773005098F5 /* SignupWebService.swift */,
			);
			path = Network;
			sourceTree = "<group>";
		};
		8625C7A72B8C9FE4005098F5 /* Signup */ = {
			isa = PBXGroup;
			children = (
				8625C7A82B8C9FEC005098F5 /* Network */,
				8625C7A92B8C9FF5005098F5 /* Models */,
				8625C7AA2B8CBC2F005098F5 /* MockURLProtocol.swift */,
			);
			path = Signup;
			sourceTree = "<group>";
		};
		8625C7A82B8C9FEC005098F5 /* Network */ = {
			isa = PBXGroup;
			children = (
				8625C79A2B8C95D7005098F5 /* SignupWebServiceTests.swift */,
			);
			path = Network;
			sourceTree = "<group>";
		};
		8625C7A92B8C9FF5005098F5 /* Models */ = {
			isa = PBXGroup;
			children = (
				8625C7942B8C8708005098F5 /* SignupFormModelValidatorTests.swift */,
			);
			path = Models;
			sourceTree = "<group>";
		};
/* End PBXGroup section */

/* Begin PBXNativeTarget section */
		8625C7602B8C85ED005098F5 /* UnitTestingApp */ = {
			isa = PBXNativeTarget;
			buildConfigurationList = 8625C78B2B8C85F0005098F5 /* Build configuration list for PBXNativeTarget "UnitTestingApp" */;
			buildPhases = (
				8625C75D2B8C85ED005098F5 /* Sources */,
				8625C75E2B8C85ED005098F5 /* Frameworks */,
				8625C75F2B8C85ED005098F5 /* Resources */,
			);
			buildRules = (
			);
			dependencies = (
			);
			name = UnitTestingApp;
			productName = UnitTestingApp;
			productReference = 8625C7612B8C85ED005098F5 /* UnitTestingApp.app */;
			productType = "com.apple.product-type.application";
		};
		8625C7762B8C85F0005098F5 /* UnitTestingAppTests */ = {
			isa = PBXNativeTarget;
			buildConfigurationList = 8625C78E2B8C85F0005098F5 /* Build configuration list for PBXNativeTarget "UnitTestingAppTests" */;
			buildPhases = (
				8625C7732B8C85F0005098F5 /* Sources */,
				8625C7742B8C85F0005098F5 /* Frameworks */,
				8625C7752B8C85F0005098F5 /* Resources */,
			);
			buildRules = (
			);
			dependencies = (
				8625C7792B8C85F0005098F5 /* PBXTargetDependency */,
			);
			name = UnitTestingAppTests;
			productName = UnitTestingAppTests;
			productReference = 8625C7772B8C85F0005098F5 /* UnitTestingAppTests.xctest */;
			productType = "com.apple.product-type.bundle.unit-test";
		};
/* End PBXNativeTarget section */

/* Begin PBXProject section */
		8625C7592B8C85ED005098F5 /* Project object */ = {
			isa = PBXProject;
			attributes = {
				BuildIndependentTargetsInParallel = 1;
				LastSwiftUpdateCheck = 1500;
				LastUpgradeCheck = 1500;
				TargetAttributes = {
					8625C7602B8C85ED005098F5 = {
						CreatedOnToolsVersion = 15.0;
					};
					8625C7762B8C85F0005098F5 = {
						CreatedOnToolsVersion = 15.0;
						LastSwiftMigration = 1500;
						TestTargetID = 8625C7602B8C85ED005098F5;
					};
				};
			};
			buildConfigurationList = 8625C75C2B8C85ED005098F5 /* Build configuration list for PBXProject "UnitTestingApp" */;
			compatibilityVersion = "Xcode 14.0";
			developmentRegion = en;
			hasScannedForEncodings = 0;
			knownRegions = (
				en,
				Base,
			);
			mainGroup = 8625C7582B8C85ED005098F5;
			productRefGroup = 8625C7622B8C85ED005098F5 /* Products */;
			projectDirPath = "";
			projectRoot = "";
			targets = (
				8625C7602B8C85ED005098F5 /* UnitTestingApp */,
				8625C7762B8C85F0005098F5 /* UnitTestingAppTests */,
			);
		};
/* End PBXProject section */

/* Begin PBXResourcesBuildPhase section */
		8625C75F2B8C85ED005098F5 /* Resources */ = {
			isa = PBXResourcesBuildPhase;
			buildActionMask = 2147483647;
			files = (
				8625C7712B8C85EF005098F5 /* LaunchScreen.storyboard in Resources */,
				8625C76E2B8C85EF005098F5 /* Assets.xcassets in Resources */,
				8625C76C2B8C85ED005098F5 /* Main.storyboard in Resources */,
			);
			runOnlyForDeploymentPostprocessing = 0;
		};
		8625C7752B8C85F0005098F5 /* Resources */ = {
			isa = PBXResourcesBuildPhase;
			buildActionMask = 2147483647;
			files = (
			);
			runOnlyForDeploymentPostprocessing = 0;
		};
/* End PBXResourcesBuildPhase section */

/* Begin PBXSourcesBuildPhase section */
		8625C75D2B8C85ED005098F5 /* Sources */ = {
			isa = PBXSourcesBuildPhase;
			buildActionMask = 2147483647;
			files = (
				8625C7692B8C85ED005098F5 /* ViewController.swift in Sources */,
				8625C7652B8C85ED005098F5 /* AppDelegate.swift in Sources */,
				8625C7A12B8C9B99005098F5 /* SignupResponseModel.swift in Sources */,
				8625C7972B8C872D005098F5 /* SignupFormModelValidator.swift in Sources */,
				8625C7A32B8C9BB1005098F5 /* SignupError.swift in Sources */,
				8625C7992B8C874C005098F5 /* SignupConstants.swift in Sources */,
				8625C79F2B8C988A005098F5 /* SignupFormRequestModel.swift in Sources */,
				8625C79D2B8C9773005098F5 /* SignupWebService.swift in Sources */,
				8625C7672B8C85ED005098F5 /* SceneDelegate.swift in Sources */,
			);
			runOnlyForDeploymentPostprocessing = 0;
		};
		8625C7732B8C85F0005098F5 /* Sources */ = {
			isa = PBXSourcesBuildPhase;
			buildActionMask = 2147483647;
			files = (
				8625C7AB2B8CBC2F005098F5 /* MockURLProtocol.swift in Sources */,
				8625C79B2B8C95D7005098F5 /* SignupWebServiceTests.swift in Sources */,
				8625C7952B8C8708005098F5 /* SignupFormModelValidatorTests.swift in Sources */,
			);
			runOnlyForDeploymentPostprocessing = 0;
		};
/* End PBXSourcesBuildPhase section */

/* Begin PBXTargetDependency section */
		8625C7792B8C85F0005098F5 /* PBXTargetDependency */ = {
			isa = PBXTargetDependency;
			target = 8625C7602B8C85ED005098F5 /* UnitTestingApp */;
			targetProxy = 8625C7782B8C85F0005098F5 /* PBXContainerItemProxy */;
		};
/* End PBXTargetDependency section */

/* Begin PBXVariantGroup section */
		8625C76A2B8C85ED005098F5 /* Main.storyboard */ = {
			isa = PBXVariantGroup;
			children = (
				8625C76B2B8C85ED005098F5 /* Base */,
			);
			name = Main.storyboard;
			sourceTree = "<group>";
		};
		8625C76F2B8C85EF005098F5 /* LaunchScreen.storyboard */ = {
			isa = PBXVariantGroup;
			children = (
				8625C7702B8C85EF005098F5 /* Base */,
			);
			name = LaunchScreen.storyboard;
			sourceTree = "<group>";
		};
/* End PBXVariantGroup section */

/* Begin XCBuildConfiguration section */
		8625C7892B8C85F0005098F5 /* Debug */ = {
			isa = XCBuildConfiguration;
			buildSettings = {
				ALWAYS_SEARCH_USER_PATHS = NO;
				ASSETCATALOG_COMPILER_GENERATE_SWIFT_ASSET_SYMBOL_EXTENSIONS = YES;
				CLANG_ANALYZER_NONNULL = YES;
				CLANG_ANALYZER_NUMBER_OBJECT_CONVERSION = YES_AGGRESSIVE;
				CLANG_CXX_LANGUAGE_STANDARD = "gnu++20";
				CLANG_ENABLE_MODULES = YES;
				CLANG_ENABLE_OBJC_ARC = YES;
				CLANG_ENABLE_OBJC_WEAK = YES;
				CLANG_WARN_BLOCK_CAPTURE_AUTORELEASING = YES;
				CLANG_WARN_BOOL_CONVERSION = YES;
				CLANG_WARN_COMMA = YES;
				CLANG_WARN_CONSTANT_CONVERSION = YES;
				CLANG_WARN_DEPRECATED_OBJC_IMPLEMENTATIONS = YES;
				CLANG_WARN_DIRECT_OBJC_ISA_USAGE = YES_ERROR;
				CLANG_WARN_DOCUMENTATION_COMMENTS = YES;
				CLANG_WARN_EMPTY_BODY = YES;
				CLANG_WARN_ENUM_CONVERSION = YES;
				CLANG_WARN_INFINITE_RECURSION = YES;
				CLANG_WARN_INT_CONVERSION = YES;
				CLANG_WARN_NON_LITERAL_NULL_CONVERSION = YES;
				CLANG_WARN_OBJC_IMPLICIT_RETAIN_SELF = YES;
				CLANG_WARN_OBJC_LITERAL_CONVERSION = YES;
				CLANG_WARN_OBJC_ROOT_CLASS = YES_ERROR;
				CLANG_WARN_QUOTED_INCLUDE_IN_FRAMEWORK_HEADER = YES;
				CLANG_WARN_RANGE_LOOP_ANALYSIS = YES;
				CLANG_WARN_STRICT_PROTOTYPES = YES;
				CLANG_WARN_SUSPICIOUS_MOVE = YES;
				CLANG_WARN_UNGUARDED_AVAILABILITY = YES_AGGRESSIVE;
				CLANG_WARN_UNREACHABLE_CODE = YES;
				CLANG_WARN__DUPLICATE_METHOD_MATCH = YES;
				COPY_PHASE_STRIP = NO;
				DEBUG_INFORMATION_FORMAT = dwarf;
				ENABLE_STRICT_OBJC_MSGSEND = YES;
				ENABLE_TESTABILITY = YES;
				ENABLE_USER_SCRIPT_SANDBOXING = YES;
				GCC_C_LANGUAGE_STANDARD = gnu17;
				GCC_DYNAMIC_NO_PIC = NO;
				GCC_NO_COMMON_BLOCKS = YES;
				GCC_OPTIMIZATION_LEVEL = 0;
				GCC_PREPROCESSOR_DEFINITIONS = (
					"DEBUG=1",
					"$(inherited)",
				);
				GCC_WARN_64_TO_32_BIT_CONVERSION = YES;
				GCC_WARN_ABOUT_RETURN_TYPE = YES_ERROR;
				GCC_WARN_UNDECLARED_SELECTOR = YES;
				GCC_WARN_UNINITIALIZED_AUTOS = YES_AGGRESSIVE;
				GCC_WARN_UNUSED_FUNCTION = YES;
				GCC_WARN_UNUSED_VARIABLE = YES;
				IPHONEOS_DEPLOYMENT_TARGET = 17.0;
				LOCALIZATION_PREFERS_STRING_CATALOGS = YES;
				MTL_ENABLE_DEBUG_INFO = INCLUDE_SOURCE;
				MTL_FAST_MATH = YES;
				ONLY_ACTIVE_ARCH = YES;
				SDKROOT = iphoneos;
				SWIFT_ACTIVE_COMPILATION_CONDITIONS = "DEBUG $(inherited)";
				SWIFT_OPTIMIZATION_LEVEL = "-Onone";
			};
			name = Debug;
		};
		8625C78A2B8C85F0005098F5 /* Release */ = {
			isa = XCBuildConfiguration;
			buildSettings = {
				ALWAYS_SEARCH_USER_PATHS = NO;
				ASSETCATALOG_COMPILER_GENERATE_SWIFT_ASSET_SYMBOL_EXTENSIONS = YES;
				CLANG_ANALYZER_NONNULL = YES;
				CLANG_ANALYZER_NUMBER_OBJECT_CONVERSION = YES_AGGRESSIVE;
				CLANG_CXX_LANGUAGE_STANDARD = "gnu++20";
				CLANG_ENABLE_MODULES = YES;
				CLANG_ENABLE_OBJC_ARC = YES;
				CLANG_ENABLE_OBJC_WEAK = YES;
				CLANG_WARN_BLOCK_CAPTURE_AUTORELEASING = YES;
				CLANG_WARN_BOOL_CONVERSION = YES;
				CLANG_WARN_COMMA = YES;
				CLANG_WARN_CONSTANT_CONVERSION = YES;
				CLANG_WARN_DEPRECATED_OBJC_IMPLEMENTATIONS = YES;
				CLANG_WARN_DIRECT_OBJC_ISA_USAGE = YES_ERROR;
				CLANG_WARN_DOCUMENTATION_COMMENTS = YES;
				CLANG_WARN_EMPTY_BODY = YES;
				CLANG_WARN_ENUM_CONVERSION = YES;
				CLANG_WARN_INFINITE_RECURSION = YES;
				CLANG_WARN_INT_CONVERSION = YES;
				CLANG_WARN_NON_LITERAL_NULL_CONVERSION = YES;
				CLANG_WARN_OBJC_IMPLICIT_RETAIN_SELF = YES;
				CLANG_WARN_OBJC_LITERAL_CONVERSION = YES;
				CLANG_WARN_OBJC_ROOT_CLASS = YES_ERROR;
				CLANG_WARN_QUOTED_INCLUDE_IN_FRAMEWORK_HEADER = YES;
				CLANG_WARN_RANGE_LOOP_ANALYSIS = YES;
				CLANG_WARN_STRICT_PROTOTYPES = YES;
				CLANG_WARN_SUSPICIOUS_MOVE = YES;
				CLANG_WARN_UNGUARDED_AVAILABILITY = YES_AGGRESSIVE;
				CLANG_WARN_UNREACHABLE_CODE = YES;
				CLANG_WARN__DUPLICATE_METHOD_MATCH = YES;
				COPY_PHASE_STRIP = NO;
				DEBUG_INFORMATION_FORMAT = "dwarf-with-dsym";
				ENABLE_NS_ASSERTIONS = NO;
				ENABLE_STRICT_OBJC_MSGSEND = YES;
				ENABLE_USER_SCRIPT_SANDBOXING = YES;
				GCC_C_LANGUAGE_STANDARD = gnu17;
				GCC_NO_COMMON_BLOCKS = YES;
				GCC_WARN_64_TO_32_BIT_CONVERSION = YES;
				GCC_WARN_ABOUT_RETURN_TYPE = YES_ERROR;
				GCC_WARN_UNDECLARED_SELECTOR = YES;
				GCC_WARN_UNINITIALIZED_AUTOS = YES_AGGRESSIVE;
				GCC_WARN_UNUSED_FUNCTION = YES;
				GCC_WARN_UNUSED_VARIABLE = YES;
				IPHONEOS_DEPLOYMENT_TARGET = 17.0;
				LOCALIZATION_PREFERS_STRING_CATALOGS = YES;
				MTL_ENABLE_DEBUG_INFO = NO;
				MTL_FAST_MATH = YES;
				SDKROOT = iphoneos;
				SWIFT_COMPILATION_MODE = wholemodule;
				VALIDATE_PRODUCT = YES;
			};
			name = Release;
		};
		8625C78C2B8C85F0005098F5 /* Debug */ = {
			isa = XCBuildConfiguration;
			buildSettings = {
				ASSETCATALOG_COMPILER_APPICON_NAME = AppIcon;
				ASSETCATALOG_COMPILER_GLOBAL_ACCENT_COLOR_NAME = AccentColor;
				CODE_SIGN_STYLE = Automatic;
				CURRENT_PROJECT_VERSION = 1;
				DEVELOPMENT_TEAM = NFTB3H74LP;
				GENERATE_INFOPLIST_FILE = YES;
				INFOPLIST_FILE = UnitTestingApp/Info.plist;
				INFOPLIST_KEY_UIApplicationSupportsIndirectInputEvents = YES;
				INFOPLIST_KEY_UILaunchStoryboardName = LaunchScreen;
				INFOPLIST_KEY_UIMainStoryboardFile = Main;
				INFOPLIST_KEY_UISupportedInterfaceOrientations_iPad = "UIInterfaceOrientationPortrait UIInterfaceOrientationPortraitUpsideDown UIInterfaceOrientationLandscapeLeft UIInterfaceOrientationLandscapeRight";
				INFOPLIST_KEY_UISupportedInterfaceOrientations_iPhone = "UIInterfaceOrientationPortrait UIInterfaceOrientationLandscapeLeft UIInterfaceOrientationLandscapeRight";
				LD_RUNPATH_SEARCH_PATHS = (
					"$(inherited)",
					"@executable_path/Frameworks",
				);
				MARKETING_VERSION = 1.0;
				PRODUCT_BUNDLE_IDENTIFIER = yeze.apps.UnitTestingApp;
				PRODUCT_NAME = "$(TARGET_NAME)";
				SWIFT_EMIT_LOC_STRINGS = YES;
				SWIFT_VERSION = 5.0;
				TARGETED_DEVICE_FAMILY = "1,2";
			};
			name = Debug;
		};
		8625C78D2B8C85F0005098F5 /* Release */ = {
			isa = XCBuildConfiguration;
			buildSettings = {
				ASSETCATALOG_COMPILER_APPICON_NAME = AppIcon;
				ASSETCATALOG_COMPILER_GLOBAL_ACCENT_COLOR_NAME = AccentColor;
				CODE_SIGN_STYLE = Automatic;
				CURRENT_PROJECT_VERSION = 1;
				DEVELOPMENT_TEAM = NFTB3H74LP;
				GENERATE_INFOPLIST_FILE = YES;
				INFOPLIST_FILE = UnitTestingApp/Info.plist;
				INFOPLIST_KEY_UIApplicationSupportsIndirectInputEvents = YES;
				INFOPLIST_KEY_UILaunchStoryboardName = LaunchScreen;
				INFOPLIST_KEY_UIMainStoryboardFile = Main;
				INFOPLIST_KEY_UISupportedInterfaceOrientations_iPad = "UIInterfaceOrientationPortrait UIInterfaceOrientationPortraitUpsideDown UIInterfaceOrientationLandscapeLeft UIInterfaceOrientationLandscapeRight";
				INFOPLIST_KEY_UISupportedInterfaceOrientations_iPhone = "UIInterfaceOrientationPortrait UIInterfaceOrientationLandscapeLeft UIInterfaceOrientationLandscapeRight";
				LD_RUNPATH_SEARCH_PATHS = (
					"$(inherited)",
					"@executable_path/Frameworks",
				);
				MARKETING_VERSION = 1.0;
				PRODUCT_BUNDLE_IDENTIFIER = yeze.apps.UnitTestingApp;
				PRODUCT_NAME = "$(TARGET_NAME)";
				SWIFT_EMIT_LOC_STRINGS = YES;
				SWIFT_VERSION = 5.0;
				TARGETED_DEVICE_FAMILY = "1,2";
			};
			name = Release;
		};
		8625C78F2B8C85F0005098F5 /* Debug */ = {
			isa = XCBuildConfiguration;
			buildSettings = {
				ALWAYS_EMBED_SWIFT_STANDARD_LIBRARIES = YES;
				BUNDLE_LOADER = "$(TEST_HOST)";
				CLANG_ENABLE_MODULES = YES;
				CODE_SIGN_STYLE = Automatic;
				CURRENT_PROJECT_VERSION = 1;
				DEVELOPMENT_TEAM = NFTB3H74LP;
				GENERATE_INFOPLIST_FILE = YES;
				IPHONEOS_DEPLOYMENT_TARGET = 17.0;
				MARKETING_VERSION = 1.0;
				PRODUCT_BUNDLE_IDENTIFIER = yeze.apps.UnitTestingAppTests;
				PRODUCT_NAME = "$(TARGET_NAME)";
				SWIFT_EMIT_LOC_STRINGS = NO;
				SWIFT_OPTIMIZATION_LEVEL = "-Onone";
				SWIFT_VERSION = 5.0;
				TARGETED_DEVICE_FAMILY = "1,2";
				TEST_HOST = "$(BUILT_PRODUCTS_DIR)/UnitTestingApp.app/$(BUNDLE_EXECUTABLE_FOLDER_PATH)/UnitTestingApp";
			};
			name = Debug;
		};
		8625C7902B8C85F0005098F5 /* Release */ = {
			isa = XCBuildConfiguration;
			buildSettings = {
				ALWAYS_EMBED_SWIFT_STANDARD_LIBRARIES = YES;
				BUNDLE_LOADER = "$(TEST_HOST)";
				CLANG_ENABLE_MODULES = YES;
				CODE_SIGN_STYLE = Automatic;
				CURRENT_PROJECT_VERSION = 1;
				DEVELOPMENT_TEAM = NFTB3H74LP;
				GENERATE_INFOPLIST_FILE = YES;
				IPHONEOS_DEPLOYMENT_TARGET = 17.0;
				MARKETING_VERSION = 1.0;
				PRODUCT_BUNDLE_IDENTIFIER = yeze.apps.UnitTestingAppTests;
				PRODUCT_NAME = "$(TARGET_NAME)";
				SWIFT_EMIT_LOC_STRINGS = NO;
				SWIFT_VERSION = 5.0;
				TARGETED_DEVICE_FAMILY = "1,2";
				TEST_HOST = "$(BUILT_PRODUCTS_DIR)/UnitTestingApp.app/$(BUNDLE_EXECUTABLE_FOLDER_PATH)/UnitTestingApp";
			};
			name = Release;
		};
/* End XCBuildConfiguration section */

/* Begin XCConfigurationList section */
		8625C75C2B8C85ED005098F5 /* Build configuration list for PBXProject "UnitTestingApp" */ = {
			isa = XCConfigurationList;
			buildConfigurations = (
				8625C7892B8C85F0005098F5 /* Debug */,
				8625C78A2B8C85F0005098F5 /* Release */,
			);
			defaultConfigurationIsVisible = 0;
			defaultConfigurationName = Release;
		};
		8625C78B2B8C85F0005098F5 /* Build configuration list for PBXNativeTarget "UnitTestingApp" */ = {
			isa = XCConfigurationList;
			buildConfigurations = (
				8625C78C2B8C85F0005098F5 /* Debug */,
				8625C78D2B8C85F0005098F5 /* Release */,
			);
			defaultConfigurationIsVisible = 0;
			defaultConfigurationName = Release;
		};
		8625C78E2B8C85F0005098F5 /* Build configuration list for PBXNativeTarget "UnitTestingAppTests" */ = {
			isa = XCConfigurationList;
			buildConfigurations = (
				8625C78F2B8C85F0005098F5 /* Debug */,
				8625C7902B8C85F0005098F5 /* Release */,
			);
			defaultConfigurationIsVisible = 0;
			defaultConfigurationName = Release;
		};
/* End XCConfigurationList section */
	};
	rootObject = 8625C7592B8C85ED005098F5 /* Project object */;
}
